
Microsoft Visual Studio Solution File, Format Version 12.00
# Visual Studio Version 16
VisualStudioVersion = 16.0.31829.152
MinimumVisualStudioVersion = 10.0.40219.1
Project("{FAE04EC0-301F-11D3-BF4B-00C04F79EFBC}") = "PractRab9.Android", "PractRab9.Android\PractRab9.Android.csproj", "{EA08A1DB-922B-4DC4-90B0-87DDDF37230A}"
EndProject
Project("{9A19103F-16F7-4668-BE54-9A1E7A4F7556}") = "PractRab9", "PractRab9\PractRab9.csproj", "{CF41AC98-F7FB-44B6-8C44-A621B5D08784}"
EndProject
Global
	GlobalSection(SolutionConfigurationPlatforms) = preSolution
		Debug|Any CPU = Debug|Any CPU
		Debug|ARM = Debug|ARM
		Debug|x64 = Debug|x64
		Debug|x86 = Debug|x86
		Release|Any CPU = Release|Any CPU
		Release|ARM = Release|ARM
		Release|x64 = Release|x64
		Release|x86 = Release|x86
	EndGlobalSection
	GlobalSection(ProjectConfigurationPlatforms) = postSolution
		{EA08A1DB-922B-4DC4-90B0-87DDDF37230A}.Debug|Any CPU.ActiveCfg = Debug|Any CPU
		{EA08A1DB-922B-4DC4-90B0-87DDDF37230A}.Debug|Any CPU.Build.0 = Debug|Any CPU
		{EA08A1DB-922B-4DC4-90B0-87DDDF37230A}.Debug|Any CPU.Deploy.0 = Debug|Any CPU
		{EA08A1DB-922B-4DC4-90B0-87DDDF37230A}.Debug|ARM.ActiveCfg = Debug|Any CPU
		{EA08A1DB-922B-4DC4-90B0-87DDDF37230A}.Debug|ARM.Build.0 = Debug|Any CPU
		{EA08A1DB-922B-4DC4-90B0-87DDDF37230A}.Debug|ARM.Deploy.0 = Debug|Any CPU
		{EA08A1DB-922B-4DC4-90B0-87DDDF37230A}.Debug|x64.ActiveCfg = Debug|Any CPU
		{EA08A1DB-922B-4DC4-90B0-87DDDF37230A}.Debug|x64.Build.0 = Debug|Any CPU
		{EA08A1DB-922B-4DC4-90B0-87DDDF37230A}.Debug|x64.Deploy.0 = Debug|Any CPU
		{EA08A1DB-922B-4DC4-90B0-87DDDF37230A}.Debug|x86.ActiveCfg = Debug|Any CPU
		{EA08A1DB-922B-4DC4-90B0-87DDDF37230A}.Debug|x86.Build.0 = Debug|Any CPU
		{EA08A1DB-922B-4DC4-90B0-87DDDF37230A}.Debug|x86.Deploy.0 = Debug|Any CPU
		{EA08A1DB-922B-4DC4-90B0-87DDDF37230A}.Release|Any CPU.ActiveCfg = Release|Any CPU
		{EA08A1DB-922B-4DC4-90B0-87DDDF37230A}.Release|Any CPU.Build.0 = Release|Any CPU
		{EA08A1DB-922B-4DC4-90B0-87DDDF37230A}.Release|Any CPU.Deploy.0 = Release|Any CPU
		{EA08A1DB-922B-4DC4-90B0-87DDDF37230A}.Release|ARM.ActiveCfg = Release|Any CPU
		{EA08A1DB-922B-4DC4-90B0-87DDDF37230A}.Release|ARM.Build.0 = Release|Any CPU
		{EA08A1DB-922B-4DC4-90B0-87DDDF37230A}.Release|ARM.Deploy.0 = Release|Any CPU
		{EA08A1DB-922B-4DC4-90B0-87DDDF37230A}.Release|x64.ActiveCfg = Release|Any CPU
		{EA08A1DB-922B-4DC4-90B0-87DDDF37230A}.Release|x64.Build.0 = Release|Any CPU
		{EA08A1DB-922B-4DC4-90B0-87DDDF37230A}.Release|x64.Deploy.0 = Release|Any CPU
		{EA08A1DB-922B-4DC4-90B0-87DDDF37230A}.Release|x86.ActiveCfg = Release|Any CPU
		{EA08A1DB-922B-4DC4-90B0-87DDDF37230A}.Release|x86.Build.0 = Release|Any CPU
		{EA08A1DB-922B-4DC4-90B0-87DDDF37230A}.Release|x86.Deploy.0 = Release|Any CPU
		{CF41AC98-F7FB-44B6-8C44-A621B5D08784}.Debug|Any CPU.ActiveCfg = Debug|Any CPU
		{CF41AC98-F7FB-44B6-8C44-A621B5D08784}.Debug|Any CPU.Build.0 = Debug|Any CPU
		{CF41AC98-F7FB-44B6-8C44-A621B5D08784}.Debug|Any CPU.Deploy.0 = Debug|Any CPU
		{CF41AC98-F7FB-44B6-8C44-A621B5D08784}.Debug|ARM.ActiveCfg = Debug|Any CPU
		{CF41AC98-F7FB-44B6-8C44-A621B5D08784}.Debug|ARM.Build.0 = Debug|Any CPU
		{CF41AC98-F7FB-44B6-8C44-A621B5D08784}.Debug|ARM.Deploy.0 = Debug|Any CPU
		{CF41AC98-F7FB-44B6-8C44-A621B5D08784}.Debug|x64.ActiveCfg = Debug|Any CPU
		{CF41AC98-F7FB-44B6-8C44-A621B5D08784}.Debug|x64.Build.0 = Debug|Any CPU
		{CF41AC98-F7FB-44B6-8C44-A621B5D08784}.Debug|x64.Deploy.0 = Debug|Any CPU
		{CF41AC98-F7FB-44B6-8C44-A621B5D08784}.Debug|x86.ActiveCfg = Debug|Any CPU
		{CF41AC98-F7FB-44B6-8C44-A621B5D08784}.Debug|x86.Build.0 = Debug|Any CPU
		{CF41AC98-F7FB-44B6-8C44-A621B5D08784}.Debug|x86.Deploy.0 = Debug|Any CPU
		{CF41AC98-F7FB-44B6-8C44-A621B5D08784}.Release|Any CPU.ActiveCfg = Release|Any CPU
		{CF41AC98-F7FB-44B6-8C44-A621B5D08784}.Release|Any CPU.Build.0 = Release|Any CPU
		{CF41AC98-F7FB-44B6-8C44-A621B5D08784}.Release|Any CPU.Deploy.0 = Release|Any CPU
		{CF41AC98-F7FB-44B6-8C44-A621B5D08784}.Release|ARM.ActiveCfg = Release|Any CPU
		{CF41AC98-F7FB-44B6-8C44-A621B5D08784}.Release|ARM.Build.0 = Release|Any CPU
		{CF41AC98-F7FB-44B6-8C44-A621B5D08784}.Release|ARM.Deploy.0 = Release|Any CPU
		{CF41AC98-F7FB-44B6-8C44-A621B5D08784}.Release|x64.ActiveCfg = Release|Any CPU
		{CF41AC98-F7FB-44B6-8C44-A621B5D08784}.Release|x64.Build.0 = Release|Any CPU
		{CF41AC98-F7FB-44B6-8C44-A621B5D08784}.Release|x64.Deploy.0 = Release|Any CPU
		{CF41AC98-F7FB-44B6-8C44-A621B5D08784}.Release|x86.ActiveCfg = Release|Any CPU
		{CF41AC98-F7FB-44B6-8C44-A621B5D08784}.Release|x86.Build.0 = Release|Any CPU
		{CF41AC98-F7FB-44B6-8C44-A621B5D08784}.Release|x86.Deploy.0 = Release|Any CPU
	EndGlobalSection
	GlobalSection(SolutionProperties) = preSolution
		HideSolutionNode = FALSE
	EndGlobalSection
	GlobalSection(ExtensibilityGlobals) = postSolution
		SolutionGuid = {9CE8B1E6-BADA-4C3C-8A06-7FAE6019D114}
	EndGlobalSection
EndGlobal
